
Microsoft Visual Studio Solution File, Format Version 12.00
# Visual Studio 14
VisualStudioVersion = 14.0.23107.0
MinimumVisualStudioVersion = 10.0.40219.1
Project("{FAE04EC0-301F-11D3-BF4B-00C04F79EFBC}") = "Server", "Server\Server.csproj", "{070599DF-4EAB-4B34-B2DB-F00AC927BA0F}"
EndProject
Project("{FAE04EC0-301F-11D3-BF4B-00C04F79EFBC}") = "Client", "Client\Client.csproj", "{578F226C-D948-497D-8D7E-FDD7FC90D5EF}"
EndProject
Project("{FAE04EC0-301F-11D3-BF4B-00C04F79EFBC}") = "ServerData", "ServerData\ServerData.csproj", "{0E3D0FA8-F44F-416B-BECA-C48A4F0FA30D}"
EndProject
Global
	GlobalSection(SolutionConfigurationPlatforms) = preSolution
		Debug|Any CPU = Debug|Any CPU
		Release|Any CPU = Release|Any CPU
	EndGlobalSection
	GlobalSection(ProjectConfigurationPlatforms) = postSolution
		{070599DF-4EAB-4B34-B2DB-F00AC927BA0F}.Debug|Any CPU.ActiveCfg = Debug|Any CPU
		{070599DF-4EAB-4B34-B2DB-F00AC927BA0F}.Debug|Any CPU.Build.0 = Debug|Any CPU
		{070599DF-4EAB-4B34-B2DB-F00AC927BA0F}.Release|Any CPU.ActiveCfg = Release|Any CPU
		{070599DF-4EAB-4B34-B2DB-F00AC927BA0F}.Release|Any CPU.Build.0 = Release|Any CPU
		{578F226C-D948-497D-8D7E-FDD7FC90D5EF}.Debug|Any CPU.ActiveCfg = Debug|Any CPU
		{578F226C-D948-497D-8D7E-FDD7FC90D5EF}.Debug|Any CPU.Build.0 = Debug|Any CPU
		{578F226C-D948-497D-8D7E-FDD7FC90D5EF}.Release|Any CPU.ActiveCfg = Release|Any CPU
		{578F226C-D948-497D-8D7E-FDD7FC90D5EF}.Release|Any CPU.Build.0 = Release|Any CPU
		{0E3D0FA8-F44F-416B-BECA-C48A4F0FA30D}.Debug|Any CPU.ActiveCfg = Debug|Any CPU
		{0E3D0FA8-F44F-416B-BECA-C48A4F0FA30D}.Debug|Any CPU.Build.0 = Debug|Any CPU
		{0E3D0FA8-F44F-416B-BECA-C48A4F0FA30D}.Release|Any CPU.ActiveCfg = Release|Any CPU
		{0E3D0FA8-F44F-416B-BECA-C48A4F0FA30D}.Release|Any CPU.Build.0 = Release|Any CPU
	EndGlobalSection
	GlobalSection(SolutionProperties) = preSolution
		HideSolutionNode = FALSE
	EndGlobalSection
EndGlobal
